
Microsoft Visual Studio Solution File, Format Version 11.00
# Visual Studio 2010
Project("{FAE04EC0-301F-11D3-BF4B-00C04F79EFBC}") = "WpfRehabilitation8", "WpfRehabilitation8.csproj", "{744F6161-58D6-42D8-89B6-25B141981335}"
EndProject
Global
	GlobalSection(SolutionConfigurationPlatforms) = preSolution
		Debug|Any CPU = Debug|Any CPU
		Release|Any CPU = Release|Any CPU
	EndGlobalSection
	GlobalSection(ProjectConfigurationPlatforms) = postSolution
		{744F6161-58D6-42D8-89B6-25B141981335}.Debug|Any CPU.ActiveCfg = Debug|Any CPU
		{744F6161-58D6-42D8-89B6-25B141981335}.Debug|Any CPU.Build.0 = Debug|Any CPU
		{744F6161-58D6-42D8-89B6-25B141981335}.Release|Any CPU.ActiveCfg = Release|Any CPU
		{744F6161-58D6-42D8-89B6-25B141981335}.Release|Any CPU.Build.0 = Release|Any CPU
	EndGlobalSection
	GlobalSection(SolutionProperties) = preSolution
		HideSolutionNode = FALSE
	EndGlobalSection
EndGlobal
